
Microsoft Visual Studio Solution File, Format Version 12.00
# Visual Studio Version 17
VisualStudioVersion = 17.7.34018.315
MinimumVisualStudioVersion = 10.0.40219.1
Project("{FAE04EC0-301F-11D3-BF4B-00C04F79EFBC}") = "WpfMefMvvmPluginArchitectureTest", "WpfMefMvvmPluginArchitectureTest\WpfMefMvvmPluginArchitectureTest.csproj", "{3B6CCE29-5698-4DAC-85CA-15A161B6DA66}"
EndProject
Project("{FAE04EC0-301F-11D3-BF4B-00C04F79EFBC}") = "WpfPack1", "WpfPack1\WpfPack1.csproj", "{FC5A5AB2-A553-4A98-9498-ADB88B625709}"
EndProject
Project("{FAE04EC0-301F-11D3-BF4B-00C04F79EFBC}") = "WpfPack2", "WpfPack2\WpfPack2.csproj", "{3797CC72-58FF-4A4C-B175-8A9C3198150A}"
EndProject
Project("{FAE04EC0-301F-11D3-BF4B-00C04F79EFBC}") = "WpfPack3", "WpfPack3\WpfPack3.csproj", "{AC86A753-163E-4C32-B8FC-3D0C2D575682}"
EndProject
Project("{FAE04EC0-301F-11D3-BF4B-00C04F79EFBC}") = "WpfPackInterface", "WpfPackInterface\WpfPackInterface.csproj", "{0A0C605D-B386-44C7-B4AA-B3A92D0F799F}"
EndProject
Global
	GlobalSection(SolutionConfigurationPlatforms) = preSolution
		Debug|Any CPU = Debug|Any CPU
		Release|Any CPU = Release|Any CPU
	EndGlobalSection
	GlobalSection(ProjectConfigurationPlatforms) = postSolution
		{3B6CCE29-5698-4DAC-85CA-15A161B6DA66}.Debug|Any CPU.ActiveCfg = Debug|Any CPU
		{3B6CCE29-5698-4DAC-85CA-15A161B6DA66}.Debug|Any CPU.Build.0 = Debug|Any CPU
		{3B6CCE29-5698-4DAC-85CA-15A161B6DA66}.Release|Any CPU.ActiveCfg = Release|Any CPU
		{3B6CCE29-5698-4DAC-85CA-15A161B6DA66}.Release|Any CPU.Build.0 = Release|Any CPU
		{FC5A5AB2-A553-4A98-9498-ADB88B625709}.Debug|Any CPU.ActiveCfg = Debug|Any CPU
		{FC5A5AB2-A553-4A98-9498-ADB88B625709}.Debug|Any CPU.Build.0 = Debug|Any CPU
		{FC5A5AB2-A553-4A98-9498-ADB88B625709}.Release|Any CPU.ActiveCfg = Release|Any CPU
		{FC5A5AB2-A553-4A98-9498-ADB88B625709}.Release|Any CPU.Build.0 = Release|Any CPU
		{3797CC72-58FF-4A4C-B175-8A9C3198150A}.Debug|Any CPU.ActiveCfg = Debug|Any CPU
		{3797CC72-58FF-4A4C-B175-8A9C3198150A}.Debug|Any CPU.Build.0 = Debug|Any CPU
		{3797CC72-58FF-4A4C-B175-8A9C3198150A}.Release|Any CPU.ActiveCfg = Release|Any CPU
		{3797CC72-58FF-4A4C-B175-8A9C3198150A}.Release|Any CPU.Build.0 = Release|Any CPU
		{AC86A753-163E-4C32-B8FC-3D0C2D575682}.Debug|Any CPU.ActiveCfg = Debug|Any CPU
		{AC86A753-163E-4C32-B8FC-3D0C2D575682}.Debug|Any CPU.Build.0 = Debug|Any CPU
		{AC86A753-163E-4C32-B8FC-3D0C2D575682}.Release|Any CPU.ActiveCfg = Release|Any CPU
		{AC86A753-163E-4C32-B8FC-3D0C2D575682}.Release|Any CPU.Build.0 = Release|Any CPU
		{0A0C605D-B386-44C7-B4AA-B3A92D0F799F}.Debug|Any CPU.ActiveCfg = Debug|Any CPU
		{0A0C605D-B386-44C7-B4AA-B3A92D0F799F}.Debug|Any CPU.Build.0 = Debug|Any CPU
		{0A0C605D-B386-44C7-B4AA-B3A92D0F799F}.Release|Any CPU.ActiveCfg = Release|Any CPU
		{0A0C605D-B386-44C7-B4AA-B3A92D0F799F}.Release|Any CPU.Build.0 = Release|Any CPU
	EndGlobalSection
	GlobalSection(SolutionProperties) = preSolution
		HideSolutionNode = FALSE
	EndGlobalSection
	GlobalSection(ExtensibilityGlobals) = postSolution
		SolutionGuid = {6684B8D5-EC6E-4ABA-A4B6-2998094A9B07}
	EndGlobalSection
EndGlobal
